
Microsoft Visual Studio Solution File, Format Version 12.00
# Visual Studio Version 16
VisualStudioVersion = 16.0.31402.337
MinimumVisualStudioVersion = 10.0.40219.1
Project("{FAE04EC0-301F-11D3-BF4B-00C04F79EFBC}") = "AwesomeShop.Api", "AwesomeShop.Api.csproj", "{D4E4B098-71AA-48E5-A452-7290FFD93861}"
EndProject
Global
	GlobalSection(SolutionConfigurationPlatforms) = preSolution
		Debug|Any CPU = Debug|Any CPU
		Release|Any CPU = Release|Any CPU
	EndGlobalSection
	GlobalSection(ProjectConfigurationPlatforms) = postSolution
		{D4E4B098-71AA-48E5-A452-7290FFD93861}.Debug|Any CPU.ActiveCfg = Debug|Any CPU
		{D4E4B098-71AA-48E5-A452-7290FFD93861}.Debug|Any CPU.Build.0 = Debug|Any CPU
		{D4E4B098-71AA-48E5-A452-7290FFD93861}.Release|Any CPU.ActiveCfg = Release|Any CPU
		{D4E4B098-71AA-48E5-A452-7290FFD93861}.Release|Any CPU.Build.0 = Release|Any CPU
	EndGlobalSection
	GlobalSection(SolutionProperties) = preSolution
		HideSolutionNode = FALSE
	EndGlobalSection
	GlobalSection(ExtensibilityGlobals) = postSolution
		SolutionGuid = {2C660C0A-69A8-4D8F-97F6-AD909A293249}
	EndGlobalSection
EndGlobal
